
Microsoft Visual Studio Solution File, Format Version 12.00
# Visual Studio Version 16
VisualStudioVersion = 16.0.31702.278
MinimumVisualStudioVersion = 10.0.40219.1
Project("{9A19103F-16F7-4668-BE54-9A1E7A4F7556}") = "RazorPagesWithVenkat", "RazorPagesWithVenkat\RazorPagesWithVenkat.csproj", "{2631FC59-95AF-4A6D-92D7-6753C3235FCE}"
EndProject
Project("{9A19103F-16F7-4668-BE54-9A1E7A4F7556}") = "RazorPagesWithVenkat.Models", "RazorPagesWithVenkat.Models\RazorPagesWithVenkat.Models.csproj", "{DD0377AD-B903-4F2D-AD61-C322A84260F8}"
EndProject
Project("{9A19103F-16F7-4668-BE54-9A1E7A4F7556}") = "RazorPagesWithVenkat.Services", "Services\RazorPagesWithVenkat.Services.csproj", "{FA69553D-0CFD-401B-8F5E-EFAC49FEF935}"
EndProject
Global
	GlobalSection(SolutionConfigurationPlatforms) = preSolution
		Debug|Any CPU = Debug|Any CPU
		Release|Any CPU = Release|Any CPU
	EndGlobalSection
	GlobalSection(ProjectConfigurationPlatforms) = postSolution
		{2631FC59-95AF-4A6D-92D7-6753C3235FCE}.Debug|Any CPU.ActiveCfg = Debug|Any CPU
		{2631FC59-95AF-4A6D-92D7-6753C3235FCE}.Debug|Any CPU.Build.0 = Debug|Any CPU
		{2631FC59-95AF-4A6D-92D7-6753C3235FCE}.Release|Any CPU.ActiveCfg = Release|Any CPU
		{2631FC59-95AF-4A6D-92D7-6753C3235FCE}.Release|Any CPU.Build.0 = Release|Any CPU
		{DD0377AD-B903-4F2D-AD61-C322A84260F8}.Debug|Any CPU.ActiveCfg = Debug|Any CPU
		{DD0377AD-B903-4F2D-AD61-C322A84260F8}.Debug|Any CPU.Build.0 = Debug|Any CPU
		{DD0377AD-B903-4F2D-AD61-C322A84260F8}.Release|Any CPU.ActiveCfg = Release|Any CPU
		{DD0377AD-B903-4F2D-AD61-C322A84260F8}.Release|Any CPU.Build.0 = Release|Any CPU
		{FA69553D-0CFD-401B-8F5E-EFAC49FEF935}.Debug|Any CPU.ActiveCfg = Debug|Any CPU
		{FA69553D-0CFD-401B-8F5E-EFAC49FEF935}.Debug|Any CPU.Build.0 = Debug|Any CPU
		{FA69553D-0CFD-401B-8F5E-EFAC49FEF935}.Release|Any CPU.ActiveCfg = Release|Any CPU
		{FA69553D-0CFD-401B-8F5E-EFAC49FEF935}.Release|Any CPU.Build.0 = Release|Any CPU
	EndGlobalSection
	GlobalSection(SolutionProperties) = preSolution
		HideSolutionNode = FALSE
	EndGlobalSection
	GlobalSection(ExtensibilityGlobals) = postSolution
		SolutionGuid = {AD6D09B5-C025-42E0-B9B4-32E498B272CF}
	EndGlobalSection
EndGlobal
